
Microsoft Visual Studio Solution File, Format Version 12.00
# Visual Studio Version 17
VisualStudioVersion = 17.5.002.0
MinimumVisualStudioVersion = 10.0.40219.1
Project("{9A19103F-16F7-4668-BE54-9A1E7A4F7556}") = "aula07", "aula07\aula07.csproj", "{DB2B0706-54F7-49B3-8A07-56198F66EC53}"
EndProject
Project("{9A19103F-16F7-4668-BE54-9A1E7A4F7556}") = "aula01", "aula01\aula01.csproj", "{3C0629B5-6CF8-4E34-9280-648A38B9AC29}"
EndProject
Project("{9A19103F-16F7-4668-BE54-9A1E7A4F7556}") = "aula04", "aula04\aula04.csproj", "{AC29060F-349C-437A-AD2B-CEC86D607026}"
EndProject
Project("{9A19103F-16F7-4668-BE54-9A1E7A4F7556}") = "aula05", "aula05\aula05.csproj", "{DD42DDFB-34D4-4729-A250-E2D2E93E65B6}"
EndProject
Project("{9A19103F-16F7-4668-BE54-9A1E7A4F7556}") = "aula06", "aula06\aula06.csproj", "{8676EFDB-949A-4F83-B6A6-A5279976F1EE}"
EndProject
Project("{9A19103F-16F7-4668-BE54-9A1E7A4F7556}") = "aula08", "aula08\aula08.csproj", "{40B0542F-637F-4462-A552-ECB1147CFE4A}"
EndProject
Global
	GlobalSection(SolutionConfigurationPlatforms) = preSolution
		Debug|Any CPU = Debug|Any CPU
		Release|Any CPU = Release|Any CPU
	EndGlobalSection
	GlobalSection(ProjectConfigurationPlatforms) = postSolution
		{DB2B0706-54F7-49B3-8A07-56198F66EC53}.Debug|Any CPU.ActiveCfg = Debug|Any CPU
		{DB2B0706-54F7-49B3-8A07-56198F66EC53}.Debug|Any CPU.Build.0 = Debug|Any CPU
		{DB2B0706-54F7-49B3-8A07-56198F66EC53}.Release|Any CPU.ActiveCfg = Release|Any CPU
		{DB2B0706-54F7-49B3-8A07-56198F66EC53}.Release|Any CPU.Build.0 = Release|Any CPU
		{3C0629B5-6CF8-4E34-9280-648A38B9AC29}.Debug|Any CPU.ActiveCfg = Debug|Any CPU
		{3C0629B5-6CF8-4E34-9280-648A38B9AC29}.Debug|Any CPU.Build.0 = Debug|Any CPU
		{3C0629B5-6CF8-4E34-9280-648A38B9AC29}.Release|Any CPU.ActiveCfg = Release|Any CPU
		{3C0629B5-6CF8-4E34-9280-648A38B9AC29}.Release|Any CPU.Build.0 = Release|Any CPU
		{AC29060F-349C-437A-AD2B-CEC86D607026}.Debug|Any CPU.ActiveCfg = Debug|Any CPU
		{AC29060F-349C-437A-AD2B-CEC86D607026}.Debug|Any CPU.Build.0 = Debug|Any CPU
		{AC29060F-349C-437A-AD2B-CEC86D607026}.Release|Any CPU.ActiveCfg = Release|Any CPU
		{AC29060F-349C-437A-AD2B-CEC86D607026}.Release|Any CPU.Build.0 = Release|Any CPU
		{DD42DDFB-34D4-4729-A250-E2D2E93E65B6}.Debug|Any CPU.ActiveCfg = Debug|Any CPU
		{DD42DDFB-34D4-4729-A250-E2D2E93E65B6}.Debug|Any CPU.Build.0 = Debug|Any CPU
		{DD42DDFB-34D4-4729-A250-E2D2E93E65B6}.Release|Any CPU.ActiveCfg = Release|Any CPU
		{DD42DDFB-34D4-4729-A250-E2D2E93E65B6}.Release|Any CPU.Build.0 = Release|Any CPU
		{8676EFDB-949A-4F83-B6A6-A5279976F1EE}.Debug|Any CPU.ActiveCfg = Debug|Any CPU
		{8676EFDB-949A-4F83-B6A6-A5279976F1EE}.Debug|Any CPU.Build.0 = Debug|Any CPU
		{8676EFDB-949A-4F83-B6A6-A5279976F1EE}.Release|Any CPU.ActiveCfg = Release|Any CPU
		{8676EFDB-949A-4F83-B6A6-A5279976F1EE}.Release|Any CPU.Build.0 = Release|Any CPU
		{40B0542F-637F-4462-A552-ECB1147CFE4A}.Debug|Any CPU.ActiveCfg = Debug|Any CPU
		{40B0542F-637F-4462-A552-ECB1147CFE4A}.Debug|Any CPU.Build.0 = Debug|Any CPU
		{40B0542F-637F-4462-A552-ECB1147CFE4A}.Release|Any CPU.ActiveCfg = Release|Any CPU
		{40B0542F-637F-4462-A552-ECB1147CFE4A}.Release|Any CPU.Build.0 = Release|Any CPU
	EndGlobalSection
	GlobalSection(SolutionProperties) = preSolution
		HideSolutionNode = FALSE
	EndGlobalSection
	GlobalSection(ExtensibilityGlobals) = postSolution
		SolutionGuid = {14520E8D-A52B-4D63-AA2E-9A309D1C54C0}
	EndGlobalSection
EndGlobal
